
Microsoft Visual Studio Solution File, Format Version 12.00
# Visual Studio Version 16
VisualStudioVersion = 16.0.31729.503
MinimumVisualStudioVersion = 10.0.40219.1
Project("{FAE04EC0-301F-11D3-BF4B-00C04F79EFBC}") = "WindowsFormsApp2", "WindowsFormsApp2.csproj", "{F8A3320D-ABF4-4C57-BF99-C7B6E0614473}"
EndProject
Global
	GlobalSection(SolutionConfigurationPlatforms) = preSolution
		Debug|Any CPU = Debug|Any CPU
		Release|Any CPU = Release|Any CPU
	EndGlobalSection
	GlobalSection(ProjectConfigurationPlatforms) = postSolution
		{F8A3320D-ABF4-4C57-BF99-C7B6E0614473}.Debug|Any CPU.ActiveCfg = Debug|Any CPU
		{F8A3320D-ABF4-4C57-BF99-C7B6E0614473}.Debug|Any CPU.Build.0 = Debug|Any CPU
		{F8A3320D-ABF4-4C57-BF99-C7B6E0614473}.Release|Any CPU.ActiveCfg = Release|Any CPU
		{F8A3320D-ABF4-4C57-BF99-C7B6E0614473}.Release|Any CPU.Build.0 = Release|Any CPU
	EndGlobalSection
	GlobalSection(SolutionProperties) = preSolution
		HideSolutionNode = FALSE
	EndGlobalSection
	GlobalSection(ExtensibilityGlobals) = postSolution
		SolutionGuid = {8C775257-D488-40E9-A9DF-C4AB6C4B5239}
	EndGlobalSection
EndGlobal
